// !$*UTF8*$!
{
	archiveVersion = 1;
	classes = {
	};
	objectVersion = 46;
	objects = {

/* Begin PBXBuildFile section */
		5DF9CAF21F4B182300CC63C7 /* AppDelegate.swift in Sources */ = {isa = PBXBuildFile; fileRef = 5DF9CAF11F4B182300CC63C7 /* AppDelegate.swift */; };
		5DF9CAF41F4B182300CC63C7 /* ViewController.swift in Sources */ = {isa = PBXBuildFile; fileRef = 5DF9CAF31F4B182300CC63C7 /* ViewController.swift */; };
		5DF9CAF71F4B182300CC63C7 /* Main.storyboard in Resources */ = {isa = PBXBuildFile; fileRef = 5DF9CAF51F4B182300CC63C7 /* Main.storyboard */; };
		5DF9CAF91F4B182300CC63C7 /* Assets.xcassets in Resources */ = {isa = PBXBuildFile; fileRef = 5DF9CAF81F4B182300CC63C7 /* Assets.xcassets */; };
		5DF9CAFC1F4B182300CC63C7 /* LaunchScreen.storyboard in Resources */ = {isa = PBXBuildFile; fileRef = 5DF9CAFA1F4B182300CC63C7 /* LaunchScreen.storyboard */; };
		5DF9CB071F4B182300CC63C7 /* ScreenSwitcherTests.swift in Sources */ = {isa = PBXBuildFile; fileRef = 5DF9CB061F4B182300CC63C7 /* ScreenSwitcherTests.swift */; };
		5DF9CB121F4B182300CC63C7 /* ScreenSwitcherUITests.swift in Sources */ = {isa = PBXBuildFile; fileRef = 5DF9CB111F4B182300CC63C7 /* ScreenSwitcherUITests.swift */; };
		5DF9CB221F4B191100CC63C7 /* WelcomeVC.swift in Sources */ = {isa = PBXBuildFile; fileRef = 5DF9CB211F4B191100CC63C7 /* WelcomeVC.swift */; };
		5DF9CB241F4B1F3700CC63C7 /* ThirdVC.swift in Sources */ = {isa = PBXBuildFile; fileRef = 5DF9CB231F4B1F3700CC63C7 /* ThirdVC.swift */; };
/* End PBXBuildFile section */

/* Begin PBXContainerItemProxy section */
		5DF9CB031F4B182300CC63C7 /* PBXContainerItemProxy */ = {
			isa = PBXContainerItemProxy;
			containerPortal = 5DF9CAE61F4B182300CC63C7 /* Project object */;
			proxyType = 1;
			remoteGlobalIDString = 5DF9CAED1F4B182300CC63C7;
			remoteInfo = ScreenSwitcher;
		};
		5DF9CB0E1F4B182300CC63C7 /* PBXContainerItemProxy */ = {
			isa = PBXContainerItemProxy;
			containerPortal = 5DF9CAE61F4B182300CC63C7 /* Project object */;
			proxyType = 1;
			remoteGlobalIDString = 5DF9CAED1F4B182300CC63C7;
			remoteInfo = ScreenSwitcher;
		};
/* End PBXContainerItemProxy section */

/* Begin PBXFileReference section */
		5DF9CAEE1F4B182300CC63C7 /* ScreenSwitcher.app */ = {isa = PBXFileReference; explicitFileType = wrapper.application; includeInIndex = 0; path = ScreenSwitcher.app; sourceTree = BUILT_PRODUCTS_DIR; };
		5DF9CAF11F4B182300CC63C7 /* AppDelegate.swift */ = {isa = PBXFileReference; lastKnownFileType = sourcecode.swift; path = AppDelegate.swift; sourceTree = "<group>"; };
		5DF9CAF31F4B182300CC63C7 /* ViewController.swift */ = {isa = PBXFileReference; lastKnownFileType = sourcecode.swift; path = ViewController.swift; sourceTree = "<group>"; };
		5DF9CAF61F4B182300CC63C7 /* Base */ = {isa = PBXFileReference; lastKnownFileType = file.storyboard; name = Base; path = Base.lproj/Main.storyboard; sourceTree = "<group>"; };
		5DF9CAF81F4B182300CC63C7 /* Assets.xcassets */ = {isa = PBXFileReference; lastKnownFileType = folder.assetcatalog; path = Assets.xcassets; sourceTree = "<group>"; };
		5DF9CAFB1F4B182300CC63C7 /* Base */ = {isa = PBXFileReference; lastKnownFileType = file.storyboard; name = Base; path = Base.lproj/LaunchScreen.storyboard; sourceTree = "<group>"; };
		5DF9CAFD1F4B182300CC63C7 /* Info.plist */ = {isa = PBXFileReference; lastKnownFileType = text.plist.xml; path = Info.plist; sourceTree = "<group>"; };
		5DF9CB021F4B182300CC63C7 /* ScreenSwitcherTests.xctest */ = {isa = PBXFileReference; explicitFileType = wrapper.cfbundle; includeInIndex = 0; path = ScreenSwitcherTests.xctest; sourceTree = BUILT_PRODUCTS_DIR; };
		5DF9CB061F4B182300CC63C7 /* ScreenSwitcherTests.swift */ = {isa = PBXFileReference; lastKnownFileType = sourcecode.swift; path = ScreenSwitcherTests.swift; sourceTree = "<group>"; };
		5DF9CB081F4B182300CC63C7 /* Info.plist */ = {isa = PBXFileReference; lastKnownFileType = text.plist.xml; path = Info.plist; sourceTree = "<group>"; };
		5DF9CB0D1F4B182300CC63C7 /* ScreenSwitcherUITests.xctest */ = {isa = PBXFileReference; explicitFileType = wrapper.cfbundle; includeInIndex = 0; path = ScreenSwitcherUITests.xctest; sourceTree = BUILT_PRODUCTS_DIR; };
		5DF9CB111F4B182300CC63C7 /* ScreenSwitcherUITests.swift */ = {isa = PBXFileReference; lastKnownFileType = sourcecode.swift; path = ScreenSwitcherUITests.swift; sourceTree = "<group>"; };
		5DF9CB131F4B182300CC63C7 /* Info.plist */ = {isa = PBXFileReference; lastKnownFileType = text.plist.xml; path = Info.plist; sourceTree = "<group>"; };
		5DF9CB211F4B191100CC63C7 /* WelcomeVC.swift */ = {isa = PBXFileReference; fileEncoding = 4; lastKnownFileType = sourcecode.swift; path = WelcomeVC.swift; sourceTree = "<group>"; };
		5DF9CB231F4B1F3700CC63C7 /* ThirdVC.swift */ = {isa = PBXFileReference; fileEncoding = 4; lastKnownFileType = sourcecode.swift; path = ThirdVC.swift; sourceTree = "<group>"; };
/* End PBXFileReference section */

/* Begin PBXFrameworksBuildPhase section */
		5DF9CAEB1F4B182300CC63C7 /* Frameworks */ = {
			isa = PBXFrameworksBuildPhase;
			buildActionMask = 2147483647;
			files = (
			);
			runOnlyForDeploymentPostprocessing = 0;
		};
		5DF9CAFF1F4B182300CC63C7 /* Frameworks */ = {
			isa = PBXFrameworksBuildPhase;
			buildActionMask = 2147483647;
			files = (
			);
			runOnlyForDeploymentPostprocessing = 0;
		};
		5DF9CB0A1F4B182300CC63C7 /* Frameworks */ = {
			isa = PBXFrameworksBuildPhase;
			buildActionMask = 2147483647;
			files = (
			);
			runOnlyForDeploymentPostprocessing = 0;
		};
/* End PBXFrameworksBuildPhase section */

/* Begin PBXGroup section */
		5DF9CAE51F4B182300CC63C7 = {
			isa = PBXGroup;
			children = (
				5DF9CAF01F4B182300CC63C7 /* ScreenSwitcher */,
				5DF9CB051F4B182300CC63C7 /* ScreenSwitcherTests */,
				5DF9CB101F4B182300CC63C7 /* ScreenSwitcherUITests */,
				5DF9CAEF1F4B182300CC63C7 /* Products */,
			);
			sourceTree = "<group>";
		};
		5DF9CAEF1F4B182300CC63C7 /* Products */ = {
			isa = PBXGroup;
			children = (
				5DF9CAEE1F4B182300CC63C7 /* ScreenSwitcher.app */,
				5DF9CB021F4B182300CC63C7 /* ScreenSwitcherTests.xctest */,
				5DF9CB0D1F4B182300CC63C7 /* ScreenSwitcherUITests.xctest */,
			);
			name = Products;
			sourceTree = "<group>";
		};
		5DF9CAF01F4B182300CC63C7 /* ScreenSwitcher */ = {
			isa = PBXGroup;
			children = (
				5DF9CAF11F4B182300CC63C7 /* AppDelegate.swift */,
				5DF9CAF31F4B182300CC63C7 /* ViewController.swift */,
				5DF9CAF51F4B182300CC63C7 /* Main.storyboard */,
				5DF9CAF81F4B182300CC63C7 /* Assets.xcassets */,
				5DF9CAFA1F4B182300CC63C7 /* LaunchScreen.storyboard */,
				5DF9CAFD1F4B182300CC63C7 /* Info.plist */,
				5DF9CB211F4B191100CC63C7 /* WelcomeVC.swift */,
				5DF9CB231F4B1F3700CC63C7 /* ThirdVC.swift */,
			);
			path = ScreenSwitcher;
			sourceTree = "<group>";
		};
		5DF9CB051F4B182300CC63C7 /* ScreenSwitcherTests */ = {
			isa = PBXGroup;
			children = (
				5DF9CB061F4B182300CC63C7 /* ScreenSwitcherTests.swift */,
				5DF9CB081F4B182300CC63C7 /* Info.plist */,
			);
			path = ScreenSwitcherTests;
			sourceTree = "<group>";
		};
		5DF9CB101F4B182300CC63C7 /* ScreenSwitcherUITests */ = {
			isa = PBXGroup;
			children = (
				5DF9CB111F4B182300CC63C7 /* ScreenSwitcherUITests.swift */,
				5DF9CB131F4B182300CC63C7 /* Info.plist */,
			);
			path = ScreenSwitcherUITests;
			sourceTree = "<group>";
		};
/* End PBXGroup section */

/* Begin PBXNativeTarget section */
		5DF9CAED1F4B182300CC63C7 /* ScreenSwitcher */ = {
			isa = PBXNativeTarget;
			buildConfigurationList = 5DF9CB161F4B182300CC63C7 /* Build configuration list for PBXNativeTarget "ScreenSwitcher" */;
			buildPhases = (
				5DF9CAEA1F4B182300CC63C7 /* Sources */,
				5DF9CAEB1F4B182300CC63C7 /* Frameworks */,
				5DF9CAEC1F4B182300CC63C7 /* Resources */,
			);
			buildRules = (
			);
			dependencies = (
			);
			name = ScreenSwitcher;
			productName = ScreenSwitcher;
			productReference = 5DF9CAEE1F4B182300CC63C7 /* ScreenSwitcher.app */;
			productType = "com.apple.product-type.application";
		};
		5DF9CB011F4B182300CC63C7 /* ScreenSwitcherTests */ = {
			isa = PBXNativeTarget;
			buildConfigurationList = 5DF9CB191F4B182300CC63C7 /* Build configuration list for PBXNativeTarget "ScreenSwitcherTests" */;
			buildPhases = (
				5DF9CAFE1F4B182300CC63C7 /* Sources */,
				5DF9CAFF1F4B182300CC63C7 /* Frameworks */,
				5DF9CB001F4B182300CC63C7 /* Resources */,
			);
			buildRules = (
			);
			dependencies = (
				5DF9CB041F4B182300CC63C7 /* PBXTargetDependency */,
			);
			name = ScreenSwitcherTests;
			productName = ScreenSwitcherTests;
			productReference = 5DF9CB021F4B182300CC63C7 /* ScreenSwitcherTests.xctest */;
			productType = "com.apple.product-type.bundle.unit-test";
		};
		5DF9CB0C1F4B182300CC63C7 /* ScreenSwitcherUITests */ = {
			isa = PBXNativeTarget;
			buildConfigurationList = 5DF9CB1C1F4B182300CC63C7 /* Build configuration list for PBXNativeTarget "ScreenSwitcherUITests" */;
			buildPhases = (
				5DF9CB091F4B182300CC63C7 /* Sources */,
				5DF9CB0A1F4B182300CC63C7 /* Frameworks */,
				5DF9CB0B1F4B182300CC63C7 /* Resources */,
			);
			buildRules = (
			);
			dependencies = (
				5DF9CB0F1F4B182300CC63C7 /* PBXTargetDependency */,
			);
			name = ScreenSwitcherUITests;
			productName = ScreenSwitcherUITests;
			productReference = 5DF9CB0D1F4B182300CC63C7 /* ScreenSwitcherUITests.xctest */;
			productType = "com.apple.product-type.bundle.ui-testing";
		};
/* End PBXNativeTarget section */

/* Begin PBXProject section */
		5DF9CAE61F4B182300CC63C7 /* Project object */ = {
			isa = PBXProject;
			attributes = {
				LastSwiftUpdateCheck = 0830;
				LastUpgradeCheck = 0830;
				ORGANIZATIONNAME = "Sahadev Tandur";
				TargetAttributes = {
					5DF9CAED1F4B182300CC63C7 = {
						CreatedOnToolsVersion = 8.3.2;
						ProvisioningStyle = Automatic;
					};
					5DF9CB011F4B182300CC63C7 = {
						CreatedOnToolsVersion = 8.3.2;
						ProvisioningStyle = Automatic;
						TestTargetID = 5DF9CAED1F4B182300CC63C7;
					};
					5DF9CB0C1F4B182300CC63C7 = {
						CreatedOnToolsVersion = 8.3.2;
						ProvisioningStyle = Automatic;
						TestTargetID = 5DF9CAED1F4B182300CC63C7;
					};
				};
			};
			buildConfigurationList = 5DF9CAE91F4B182300CC63C7 /* Build configuration list for PBXProject "ScreenSwitcher" */;
			compatibilityVersion = "Xcode 3.2";
			developmentRegion = English;
			hasScannedForEncodings = 0;
			knownRegions = (
				en,
				Base,
			);
			mainGroup = 5DF9CAE51F4B182300CC63C7;
			productRefGroup = 5DF9CAEF1F4B182300CC63C7 /* Products */;
			projectDirPath = "";
			projectRoot = "";
			targets = (
				5DF9CAED1F4B182300CC63C7 /* ScreenSwitcher */,
				5DF9CB011F4B182300CC63C7 /* ScreenSwitcherTests */,
				5DF9CB0C1F4B182300CC63C7 /* ScreenSwitcherUITests */,
			);
		};
/* End PBXProject section */

/* Begin PBXResourcesBuildPhase section */
		5DF9CAEC1F4B182300CC63C7 /* Resources */ = {
			isa = PBXResourcesBuildPhase;
			buildActionMask = 2147483647;
			files = (
				5DF9CAFC1F4B182300CC63C7 /* LaunchScreen.storyboard in Resources */,
				5DF9CAF91F4B182300CC63C7 /* Assets.xcassets in Resources */,
				5DF9CAF71F4B182300CC63C7 /* Main.storyboard in Resources */,
			);
			runOnlyForDeploymentPostprocessing = 0;
		};
		5DF9CB001F4B182300CC63C7 /* Resources */ = {
			isa = PBXResourcesBuildPhase;
			buildActionMask = 2147483647;
			files = (
			);
			runOnlyForDeploymentPostprocessing = 0;
		};
		5DF9CB0B1F4B182300CC63C7 /* Resources */ = {
			isa = PBXResourcesBuildPhase;
			buildActionMask = 2147483647;
			files = (
			);
			runOnlyForDeploymentPostprocessing = 0;
		};
/* End PBXResourcesBuildPhase section */

/* Begin PBXSourcesBuildPhase section */
		5DF9CAEA1F4B182300CC63C7 /* Sources */ = {
			isa = PBXSourcesBuildPhase;
			buildActionMask = 2147483647;
			files = (
				5DF9CB241F4B1F3700CC63C7 /* ThirdVC.swift in Sources */,
				5DF9CB221F4B191100CC63C7 /* WelcomeVC.swift in Sources */,
				5DF9CAF41F4B182300CC63C7 /* ViewController.swift in Sources */,
				5DF9CAF21F4B182300CC63C7 /* AppDelegate.swift in Sources */,
			);
			runOnlyForDeploymentPostprocessing = 0;
		};
		5DF9CAFE1F4B182300CC63C7 /* Sources */ = {
			isa = PBXSourcesBuildPhase;
			buildActionMask = 2147483647;
			files = (
				5DF9CB071F4B182300CC63C7 /* ScreenSwitcherTests.swift in Sources */,
			);
			runOnlyForDeploymentPostprocessing = 0;
		};
		5DF9CB091F4B182300CC63C7 /* Sources */ = {
			isa = PBXSourcesBuildPhase;
			buildActionMask = 2147483647;
			files = (
				5DF9CB121F4B182300CC63C7 /* ScreenSwitcherUITests.swift in Sources */,
			);
			runOnlyForDeploymentPostprocessing = 0;
		};
/* End PBXSourcesBuildPhase section */

/* Begin PBXTargetDependency section */
		5DF9CB041F4B182300CC63C7 /* PBXTargetDependency */ = {
			isa = PBXTargetDependency;
			target = 5DF9CAED1F4B182300CC63C7 /* ScreenSwitcher */;
			targetProxy = 5DF9CB031F4B182300CC63C7 /* PBXContainerItemProxy */;
		};
		5DF9CB0F1F4B182300CC63C7 /* PBXTargetDependency */ = {
			isa = PBXTargetDependency;
			target = 5DF9CAED1F4B182300CC63C7 /* ScreenSwitcher */;
			targetProxy = 5DF9CB0E1F4B182300CC63C7 /* PBXContainerItemProxy */;
		};
/* End PBXTargetDependency section */

/* Begin PBXVariantGroup section */
		5DF9CAF51F4B182300CC63C7 /* Main.storyboard */ = {
			isa = PBXVariantGroup;
			children = (
				5DF9CAF61F4B182300CC63C7 /* Base */,
			);
			name = Main.storyboard;
			sourceTree = "<group>";
		};
		5DF9CAFA1F4B182300CC63C7 /* LaunchScreen.storyboard */ = {
			isa = PBXVariantGroup;
			children = (
				5DF9CAFB1F4B182300CC63C7 /* Base */,
			);
			name = LaunchScreen.storyboard;
			sourceTree = "<group>";
		};
/* End PBXVariantGroup section */

/* Begin XCBuildConfiguration section */
		5DF9CB141F4B182300CC63C7 /* Debug */ = {
			isa = XCBuildConfiguration;
			buildSettings = {
				ALWAYS_SEARCH_USER_PATHS = NO;
				CLANG_ANALYZER_NONNULL = YES;
				CLANG_ANALYZER_NUMBER_OBJECT_CONVERSION = YES_AGGRESSIVE;
				CLANG_CXX_LANGUAGE_STANDARD = "gnu++0x";
				CLANG_CXX_LIBRARY = "libc++";
				CLANG_ENABLE_MODULES = YES;
				CLANG_ENABLE_OBJC_ARC = YES;
				CLANG_WARN_BOOL_CONVERSION = YES;
				CLANG_WARN_CONSTANT_CONVERSION = YES;
				CLANG_WARN_DIRECT_OBJC_ISA_USAGE = YES_ERROR;
				CLANG_WARN_DOCUMENTATION_COMMENTS = YES;
				CLANG_WARN_EMPTY_BODY = YES;
				CLANG_WARN_ENUM_CONVERSION = YES;
				CLANG_WARN_INFINITE_RECURSION = YES;
				CLANG_WARN_INT_CONVERSION = YES;
				CLANG_WARN_OBJC_ROOT_CLASS = YES_ERROR;
				CLANG_WARN_SUSPICIOUS_MOVE = YES;
				CLANG_WARN_UNREACHABLE_CODE = YES;
				CLANG_WARN__DUPLICATE_METHOD_MATCH = YES;
				"CODE_SIGN_IDENTITY[sdk=iphoneos*]" = "iPhone Developer";
				COPY_PHASE_STRIP = NO;
				DEBUG_INFORMATION_FORMAT = dwarf;
				ENABLE_STRICT_OBJC_MSGSEND = YES;
				ENABLE_TESTABILITY = YES;
				GCC_C_LANGUAGE_STANDARD = gnu99;
				GCC_DYNAMIC_NO_PIC = NO;
				GCC_NO_COMMON_BLOCKS = YES;
				GCC_OPTIMIZATION_LEVEL = 0;
				GCC_PREPROCESSOR_DEFINITIONS = (
					"DEBUG=1",
					"$(inherited)",
				);
				GCC_WARN_64_TO_32_BIT_CONVERSION = YES;
				GCC_WARN_ABOUT_RETURN_TYPE = YES_ERROR;
				GCC_WARN_UNDECLARED_SELECTOR = YES;
				GCC_WARN_UNINITIALIZED_AUTOS = YES_AGGRESSIVE;
				GCC_WARN_UNUSED_FUNCTION = YES;
				GCC_WARN_UNUSED_VARIABLE = YES;
				IPHONEOS_DEPLOYMENT_TARGET = 10.3;
				MTL_ENABLE_DEBUG_INFO = YES;
				ONLY_ACTIVE_ARCH = YES;
				SDKROOT = iphoneos;
				SWIFT_ACTIVE_COMPILATION_CONDITIONS = DEBUG;
				SWIFT_OPTIMIZATION_LEVEL = "-Onone";
				TARGETED_DEVICE_FAMILY = "1,2";
			};
			name = Debug;
		};
		5DF9CB151F4B182300CC63C7 /* Release */ = {
			isa = XCBuildConfiguration;
			buildSettings = {
				ALWAYS_SEARCH_USER_PATHS = NO;
				CLANG_ANALYZER_NONNULL = YES;
				CLANG_ANALYZER_NUMBER_OBJECT_CONVERSION = YES_AGGRESSIVE;
				CLANG_CXX_LANGUAGE_STANDARD = "gnu++0x";
				CLANG_CXX_LIBRARY = "libc++";
				CLANG_ENABLE_MODULES = YES;
				CLANG_ENABLE_OBJC_ARC = YES;
				CLANG_WARN_BOOL_CONVERSION = YES;
				CLANG_WARN_CONSTANT_CONVERSION = YES;
				CLANG_WARN_DIRECT_OBJC_ISA_USAGE = YES_ERROR;
				CLANG_WARN_DOCUMENTATION_COMMENTS = YES;
				CLANG_WARN_EMPTY_BODY = YES;
				CLANG_WARN_ENUM_CONVERSION = YES;
				CLANG_WARN_INFINITE_RECURSION = YES;
				CLANG_WARN_INT_CONVERSION = YES;
				CLANG_WARN_OBJC_ROOT_CLASS = YES_ERROR;
				CLANG_WARN_SUSPICIOUS_MOVE = YES;
				CLANG_WARN_UNREACHABLE_CODE = YES;
				CLANG_WARN__DUPLICATE_METHOD_MATCH = YES;
				"CODE_SIGN_IDENTITY[sdk=iphoneos*]" = "iPhone Developer";
				COPY_PHASE_STRIP = NO;
				DEBUG_INFORMATION_FORMAT = "dwarf-with-dsym";
				ENABLE_NS_ASSERTIONS = NO;
				ENABLE_STRICT_OBJC_MSGSEND = YES;
				GCC_C_LANGUAGE_STANDARD = gnu99;
				GCC_NO_COMMON_BLOCKS = YES;
				GCC_WARN_64_TO_32_BIT_CONVERSION = YES;
				GCC_WARN_ABOUT_RETURN_TYPE = YES_ERROR;
				GCC_WARN_UNDECLARED_SELECTOR = YES;
				GCC_WARN_UNINITIALIZED_AUTOS = YES_AGGRESSIVE;
				GCC_WARN_UNUSED_FUNCTION = YES;
				GCC_WARN_UNUSED_VARIABLE = YES;
				IPHONEOS_DEPLOYMENT_TARGET = 10.3;
				MTL_ENABLE_DEBUG_INFO = NO;
				SDKROOT = iphoneos;
				SWIFT_OPTIMIZATION_LEVEL = "-Owholemodule";
				TARGETED_DEVICE_FAMILY = "1,2";
				VALIDATE_PRODUCT = YES;
			};
			name = Release;
		};
		5DF9CB171F4B182300CC63C7 /* Debug */ = {
			isa = XCBuildConfiguration;
			buildSettings = {
				ASSETCATALOG_COMPILER_APPICON_NAME = AppIcon;
				INFOPLIST_FILE = ScreenSwitcher/Info.plist;
				LD_RUNPATH_SEARCH_PATHS = "$(inherited) @executable_path/Frameworks";
				PRODUCT_BUNDLE_IDENTIFIER = Sahadev.ScreenSwitcher;
				PRODUCT_NAME = "$(TARGET_NAME)";
				SWIFT_VERSION = 3.0;
			};
			name = Debug;
		};
		5DF9CB181F4B182300CC63C7 /* Release */ = {
			isa = XCBuildConfiguration;
			buildSettings = {
				ASSETCATALOG_COMPILER_APPICON_NAME = AppIcon;
				INFOPLIST_FILE = ScreenSwitcher/Info.plist;
				LD_RUNPATH_SEARCH_PATHS = "$(inherited) @executable_path/Frameworks";
				PRODUCT_BUNDLE_IDENTIFIER = Sahadev.ScreenSwitcher;
				PRODUCT_NAME = "$(TARGET_NAME)";
				SWIFT_VERSION = 3.0;
			};
			name = Release;
		};
		5DF9CB1A1F4B182300CC63C7 /* Debug */ = {
			isa = XCBuildConfiguration;
			buildSettings = {
				ALWAYS_EMBED_SWIFT_STANDARD_LIBRARIES = YES;
				BUNDLE_LOADER = "$(TEST_HOST)";
				INFOPLIST_FILE = ScreenSwitcherTests/Info.plist;
				LD_RUNPATH_SEARCH_PATHS = "$(inherited) @executable_path/Frameworks @loader_path/Frameworks";
				PRODUCT_BUNDLE_IDENTIFIER = Sahadev.ScreenSwitcherTests;
				PRODUCT_NAME = "$(TARGET_NAME)";
				SWIFT_VERSION = 3.0;
				TEST_HOST = "$(BUILT_PRODUCTS_DIR)/ScreenSwitcher.app/ScreenSwitcher";
			};
			name = Debug;
		};
		5DF9CB1B1F4B182300CC63C7 /* Release */ = {
			isa = XCBuildConfiguration;
			buildSettings = {
				ALWAYS_EMBED_SWIFT_STANDARD_LIBRARIES = YES;
				BUNDLE_LOADER = "$(TEST_HOST)";
				INFOPLIST_FILE = ScreenSwitcherTests/Info.plist;
				LD_RUNPATH_SEARCH_PATHS = "$(inherited) @executable_path/Frameworks @loader_path/Frameworks";
				PRODUCT_BUNDLE_IDENTIFIER = Sahadev.ScreenSwitcherTests;
				PRODUCT_NAME = "$(TARGET_NAME)";
				SWIFT_VERSION = 3.0;
				TEST_HOST = "$(BUILT_PRODUCTS_DIR)/ScreenSwitcher.app/ScreenSwitcher";
			};
			name = Release;
		};
		5DF9CB1D1F4B182300CC63C7 /* Debug */ = {
			isa = XCBuildConfiguration;
			buildSettings = {
				ALWAYS_EMBED_SWIFT_STANDARD_LIBRARIES = YES;
				INFOPLIST_FILE = ScreenSwitcherUITests/Info.plist;
				LD_RUNPATH_SEARCH_PATHS = "$(inherited) @executable_path/Frameworks @loader_path/Frameworks";
				PRODUCT_BUNDLE_IDENTIFIER = Sahadev.ScreenSwitcherUITests;
				PRODUCT_NAME = "$(TARGET_NAME)";
				SWIFT_VERSION = 3.0;
				TEST_TARGET_NAME = ScreenSwitcher;
			};
			name = Debug;
		};
		5DF9CB1E1F4B182300CC63C7 /* Release */ = {
			isa = XCBuildConfiguration;
			buildSettings = {
				ALWAYS_EMBED_SWIFT_STANDARD_LIBRARIES = YES;
				INFOPLIST_FILE = ScreenSwitcherUITests/Info.plist;
				LD_RUNPATH_SEARCH_PATHS = "$(inherited) @executable_path/Frameworks @loader_path/Frameworks";
				PRODUCT_BUNDLE_IDENTIFIER = Sahadev.ScreenSwitcherUITests;
				PRODUCT_NAME = "$(TARGET_NAME)";
				SWIFT_VERSION = 3.0;
				TEST_TARGET_NAME = ScreenSwitcher;
			};
			name = Release;
		};
/* End XCBuildConfiguration section */

/* Begin XCConfigurationList section */
		5DF9CAE91F4B182300CC63C7 /* Build configuration list for PBXProject "ScreenSwitcher" */ = {
			isa = XCConfigurationList;
			buildConfigurations = (
				5DF9CB141F4B182300CC63C7 /* Debug */,
				5DF9CB151F4B182300CC63C7 /* Release */,
			);
			defaultConfigurationIsVisible = 0;
			defaultConfigurationName = Release;
		};
		5DF9CB161F4B182300CC63C7 /* Build configuration list for PBXNativeTarget "ScreenSwitcher" */ = {
			isa = XCConfigurationList;
			buildConfigurations = (
				5DF9CB171F4B182300CC63C7 /* Debug */,
				5DF9CB181F4B182300CC63C7 /* Release */,
			);
			defaultConfigurationIsVisible = 0;
		};
		5DF9CB191F4B182300CC63C7 /* Build configuration list for PBXNativeTarget "ScreenSwitcherTests" */ = {
			isa = XCConfigurationList;
			buildConfigurations = (
				5DF9CB1A1F4B182300CC63C7 /* Debug */,
				5DF9CB1B1F4B182300CC63C7 /* Release */,
			);
			defaultConfigurationIsVisible = 0;
		};
		5DF9CB1C1F4B182300CC63C7 /* Build configuration list for PBXNativeTarget "ScreenSwitcherUITests" */ = {
			isa = XCConfigurationList;
			buildConfigurations = (
				5DF9CB1D1F4B182300CC63C7 /* Debug */,
				5DF9CB1E1F4B182300CC63C7 /* Release */,
			);
			defaultConfigurationIsVisible = 0;
		};
/* End XCConfigurationList section */
	};
	rootObject = 5DF9CAE61F4B182300CC63C7 /* Project object */;
}
